{
    "_meta": {
        "hash": {
            "sha256": "d32c1592bb34a93f3b3a3928da6b5505c0d05e3d73c312f9bdba7363394f889c"
        },
        "pipfile-spec": 6,
        "requires": {
            "python_version": "3.6"
        },
        "sources": [
            {
                "name": "pypi",
                "url": "https://pypi.python.org/simple",
                "verify_ssl": true
            }
        ]
    },
    "default": {
        "youtube-dl": {
            "hashes": [
                "sha256:1ff26eaca0dc438c5ed7021ebe652a441ad320e1f52f20a01c75eadac9f68654",
                "sha256:b26a6e0379ae6300c5fca3b610e89473577eaeb4e559877bfe81f6035f9e12f9"
            ],
            "index": "pypi",
            "version": "==2018.8.4"
        }
    },
    "develop": {}
}
